{
  "requires": true,
  "lockfileVersion": 1,
  "dependencies": {
    "hellojs": {
      "version": "1.19.3",
      "resolved": "https://registry.npmjs.org/hellojs/-/hellojs-1.19.3.tgz",
      "integrity": "sha512-4Cz0fjRYLFIwxOUh/4KBmDL84kjtHsgNuVlOURtmjGOlrxGmX5pWfJUBw+CmBuNsagOzHuv618oSXFvFwDhjcQ=="
    },
    "vue-hellojs": {
      "version": "0.0.4",
      "resolved": "https://registry.npmjs.org/vue-hellojs/-/vue-hellojs-0.0.4.tgz",
      "integrity": "sha512-sbtXjy6BnlswYLFhNjMk4CKCUj/kvO0y1M9/cgFe+mKH+0If/VdbE0IFHtdWAIVH4+fsg5qhhpGDjD10q6j7NQ=="
    }
  }
}
